// !$*UTF8*$!
{
	archiveVersion = 1;
	classes = {
	};
	objectVersion = 56;
	objects = {

/* Begin PBXBuildFile section */
		93DA42ADF30D844CB1FF4566 /* Pods_Swipe_On.framework in Frameworks */ = {isa = PBXBuildFile; fileRef = 22067EDD78EF3A91EFDD4C61 /* Pods_Swipe_On.framework */; };
		DE20D0AC290C901600105CB9 /* AppDelegate.swift in Sources */ = {isa = PBXBuildFile; fileRef = DE20D0AB290C901600105CB9 /* AppDelegate.swift */; };
		DE20D0AE290C901600105CB9 /* SceneDelegate.swift in Sources */ = {isa = PBXBuildFile; fileRef = DE20D0AD290C901600105CB9 /* SceneDelegate.swift */; };
		DE20D0B0290C901600105CB9 /* SwipeViewController.swift in Sources */ = {isa = PBXBuildFile; fileRef = DE20D0AF290C901600105CB9 /* SwipeViewController.swift */; };
		DE20D0B3290C901600105CB9 /* Main.storyboard in Resources */ = {isa = PBXBuildFile; fileRef = DE20D0B1290C901600105CB9 /* Main.storyboard */; };
		DE20D0B5290C901700105CB9 /* Assets.xcassets in Resources */ = {isa = PBXBuildFile; fileRef = DE20D0B4290C901700105CB9 /* Assets.xcassets */; };
		DE20D0B8290C901700105CB9 /* LaunchScreen.storyboard in Resources */ = {isa = PBXBuildFile; fileRef = DE20D0B6290C901700105CB9 /* LaunchScreen.storyboard */; };
/* End PBXBuildFile section */

/* Begin PBXFileReference section */
		22067EDD78EF3A91EFDD4C61 /* Pods_Swipe_On.framework */ = {isa = PBXFileReference; explicitFileType = wrapper.framework; includeInIndex = 0; path = Pods_Swipe_On.framework; sourceTree = BUILT_PRODUCTS_DIR; };
		27252FD31344C56747F7E32D /* Pods-Swipe On.debug.xcconfig */ = {isa = PBXFileReference; includeInIndex = 1; lastKnownFileType = text.xcconfig; name = "Pods-Swipe On.debug.xcconfig"; path = "Target Support Files/Pods-Swipe On/Pods-Swipe On.debug.xcconfig"; sourceTree = "<group>"; };
		67D0F133CCAFE685630DCB4D /* Pods-Swipe On.release.xcconfig */ = {isa = PBXFileReference; includeInIndex = 1; lastKnownFileType = text.xcconfig; name = "Pods-Swipe On.release.xcconfig"; path = "Target Support Files/Pods-Swipe On/Pods-Swipe On.release.xcconfig"; sourceTree = "<group>"; };
		DE20D0A8290C901600105CB9 /* Swipe On.app */ = {isa = PBXFileReference; explicitFileType = wrapper.application; includeInIndex = 0; path = "Swipe On.app"; sourceTree = BUILT_PRODUCTS_DIR; };
		DE20D0AB290C901600105CB9 /* AppDelegate.swift */ = {isa = PBXFileReference; lastKnownFileType = sourcecode.swift; path = AppDelegate.swift; sourceTree = "<group>"; };
		DE20D0AD290C901600105CB9 /* SceneDelegate.swift */ = {isa = PBXFileReference; lastKnownFileType = sourcecode.swift; path = SceneDelegate.swift; sourceTree = "<group>"; };
		DE20D0AF290C901600105CB9 /* SwipeViewController.swift */ = {isa = PBXFileReference; lastKnownFileType = sourcecode.swift; path = SwipeViewController.swift; sourceTree = "<group>"; };
		DE20D0B2290C901600105CB9 /* Base */ = {isa = PBXFileReference; lastKnownFileType = file.storyboard; name = Base; path = Base.lproj/Main.storyboard; sourceTree = "<group>"; };
		DE20D0B4290C901700105CB9 /* Assets.xcassets */ = {isa = PBXFileReference; lastKnownFileType = folder.assetcatalog; path = Assets.xcassets; sourceTree = "<group>"; };
		DE20D0B7290C901700105CB9 /* Base */ = {isa = PBXFileReference; lastKnownFileType = file.storyboard; name = Base; path = Base.lproj/LaunchScreen.storyboard; sourceTree = "<group>"; };
		DE20D0B9290C901700105CB9 /* Info.plist */ = {isa = PBXFileReference; lastKnownFileType = text.plist.xml; path = Info.plist; sourceTree = "<group>"; };
/* End PBXFileReference section */

/* Begin PBXFrameworksBuildPhase section */
		DE20D0A5290C901600105CB9 /* Frameworks */ = {
			isa = PBXFrameworksBuildPhase;
			buildActionMask = 2147483647;
			files = (
				93DA42ADF30D844CB1FF4566 /* Pods_Swipe_On.framework in Frameworks */,
			);
			runOnlyForDeploymentPostprocessing = 0;
		};
/* End PBXFrameworksBuildPhase section */

/* Begin PBXGroup section */
		668F6D6928423FFAF4F0E26F /* Frameworks */ = {
			isa = PBXGroup;
			children = (
				22067EDD78EF3A91EFDD4C61 /* Pods_Swipe_On.framework */,
			);
			name = Frameworks;
			sourceTree = "<group>";
		};
		DE20D09F290C901600105CB9 = {
			isa = PBXGroup;
			children = (
				DE20D0AA290C901600105CB9 /* Swipe On */,
				DE20D0A9290C901600105CB9 /* Products */,
				F789B8DA9F1D29D5F2455403 /* Pods */,
				668F6D6928423FFAF4F0E26F /* Frameworks */,
			);
			sourceTree = "<group>";
		};
		DE20D0A9290C901600105CB9 /* Products */ = {
			isa = PBXGroup;
			children = (
				DE20D0A8290C901600105CB9 /* Swipe On.app */,
			);
			name = Products;
			sourceTree = "<group>";
		};
		DE20D0AA290C901600105CB9 /* Swipe On */ = {
			isa = PBXGroup;
			children = (
				DEE9D4F62912D7F800641B16 /* General */,
				DEE9D4F72912D80900641B16 /* Controllers */,
				DEE9D4F82912D81800641B16 /* Storyboards */,
				DEE9D4F92912D83300641B16 /* Resources */,
				DE20D0B9290C901700105CB9 /* Info.plist */,
			);
			path = "Swipe On";
			sourceTree = "<group>";
		};
		DEE9D4F62912D7F800641B16 /* General */ = {
			isa = PBXGroup;
			children = (
				DE20D0AB290C901600105CB9 /* AppDelegate.swift */,
				DE20D0AD290C901600105CB9 /* SceneDelegate.swift */,
			);
			path = General;
			sourceTree = "<group>";
		};
		DEE9D4F72912D80900641B16 /* Controllers */ = {
			isa = PBXGroup;
			children = (
				DE20D0AF290C901600105CB9 /* SwipeViewController.swift */,
			);
			path = Controllers;
			sourceTree = "<group>";
		};
		DEE9D4F82912D81800641B16 /* Storyboards */ = {
			isa = PBXGroup;
			children = (
				DE20D0B6290C901700105CB9 /* LaunchScreen.storyboard */,
				DE20D0B1290C901600105CB9 /* Main.storyboard */,
			);
			path = Storyboards;
			sourceTree = "<group>";
		};
		DEE9D4F92912D83300641B16 /* Resources */ = {
			isa = PBXGroup;
			children = (
				DE20D0B4290C901700105CB9 /* Assets.xcassets */,
			);
			path = Resources;
			sourceTree = "<group>";
		};
		F789B8DA9F1D29D5F2455403 /* Pods */ = {
			isa = PBXGroup;
			children = (
				27252FD31344C56747F7E32D /* Pods-Swipe On.debug.xcconfig */,
				67D0F133CCAFE685630DCB4D /* Pods-Swipe On.release.xcconfig */,
			);
			path = Pods;
			sourceTree = "<group>";
		};
/* End PBXGroup section */

/* Begin PBXNativeTarget section */
		DE20D0A7290C901600105CB9 /* Swipe On */ = {
			isa = PBXNativeTarget;
			buildConfigurationList = DE20D0BC290C901700105CB9 /* Build configuration list for PBXNativeTarget "Swipe On" */;
			buildPhases = (
				0694A5BC1A4CB55877CE5B99 /* [CP] Check Pods Manifest.lock */,
				DE20D0A4290C901600105CB9 /* Sources */,
				DE20D0A5290C901600105CB9 /* Frameworks */,
				DE20D0A6290C901600105CB9 /* Resources */,
				4D774FAF84ABD31ED84614EF /* [CP] Embed Pods Frameworks */,
			);
			buildRules = (
			);
			dependencies = (
			);
			name = "Swipe On";
			productName = "Swipe On";
			productReference = DE20D0A8290C901600105CB9 /* Swipe On.app */;
			productType = "com.apple.product-type.application";
		};
/* End PBXNativeTarget section */

/* Begin PBXProject section */
		DE20D0A0290C901600105CB9 /* Project object */ = {
			isa = PBXProject;
			attributes = {
				BuildIndependentTargetsInParallel = 1;
				LastSwiftUpdateCheck = 1400;
				LastUpgradeCheck = 1400;
				TargetAttributes = {
					DE20D0A7290C901600105CB9 = {
						CreatedOnToolsVersion = 14.0.1;
					};
				};
			};
			buildConfigurationList = DE20D0A3290C901600105CB9 /* Build configuration list for PBXProject "Swipe On" */;
			compatibilityVersion = "Xcode 14.0";
			developmentRegion = en;
			hasScannedForEncodings = 0;
			knownRegions = (
				en,
				Base,
			);
			mainGroup = DE20D09F290C901600105CB9;
			productRefGroup = DE20D0A9290C901600105CB9 /* Products */;
			projectDirPath = "";
			projectRoot = "";
			targets = (
				DE20D0A7290C901600105CB9 /* Swipe On */,
			);
		};
/* End PBXProject section */

/* Begin PBXResourcesBuildPhase section */
		DE20D0A6290C901600105CB9 /* Resources */ = {
			isa = PBXResourcesBuildPhase;
			buildActionMask = 2147483647;
			files = (
				DE20D0B8290C901700105CB9 /* LaunchScreen.storyboard in Resources */,
				DE20D0B5290C901700105CB9 /* Assets.xcassets in Resources */,
				DE20D0B3290C901600105CB9 /* Main.storyboard in Resources */,
			);
			runOnlyForDeploymentPostprocessing = 0;
		};
/* End PBXResourcesBuildPhase section */

/* Begin PBXShellScriptBuildPhase section */
		0694A5BC1A4CB55877CE5B99 /* [CP] Check Pods Manifest.lock */ = {
			isa = PBXShellScriptBuildPhase;
			buildActionMask = 2147483647;
			files = (
			);
			inputFileListPaths = (
			);
			inputPaths = (
				"${PODS_PODFILE_DIR_PATH}/Podfile.lock",
				"${PODS_ROOT}/Manifest.lock",
			);
			name = "[CP] Check Pods Manifest.lock";
			outputFileListPaths = (
			);
			outputPaths = (
				"$(DERIVED_FILE_DIR)/Pods-Swipe On-checkManifestLockResult.txt",
			);
			runOnlyForDeploymentPostprocessing = 0;
			shellPath = /bin/sh;
			shellScript = "diff \"${PODS_PODFILE_DIR_PATH}/Podfile.lock\" \"${PODS_ROOT}/Manifest.lock\" > /dev/null\nif [ $? != 0 ] ; then\n    # print error to STDERR\n    echo \"error: The sandbox is not in sync with the Podfile.lock. Run 'pod install' or update your CocoaPods installation.\" >&2\n    exit 1\nfi\n# This output is used by Xcode 'outputs' to avoid re-running this script phase.\necho \"SUCCESS\" > \"${SCRIPT_OUTPUT_FILE_0}\"\n";
			showEnvVarsInLog = 0;
		};
		4D774FAF84ABD31ED84614EF /* [CP] Embed Pods Frameworks */ = {
			isa = PBXShellScriptBuildPhase;
			buildActionMask = 2147483647;
			files = (
			);
			inputFileListPaths = (
				"${PODS_ROOT}/Target Support Files/Pods-Swipe On/Pods-Swipe On-frameworks-${CONFIGURATION}-input-files.xcfilelist",
			);
			name = "[CP] Embed Pods Frameworks";
			outputFileListPaths = (
				"${PODS_ROOT}/Target Support Files/Pods-Swipe On/Pods-Swipe On-frameworks-${CONFIGURATION}-output-files.xcfilelist",
			);
			runOnlyForDeploymentPostprocessing = 0;
			shellPath = /bin/sh;
			shellScript = "\"${PODS_ROOT}/Target Support Files/Pods-Swipe On/Pods-Swipe On-frameworks.sh\"\n";
			showEnvVarsInLog = 0;
		};
/* End PBXShellScriptBuildPhase section */

/* Begin PBXSourcesBuildPhase section */
		DE20D0A4290C901600105CB9 /* Sources */ = {
			isa = PBXSourcesBuildPhase;
			buildActionMask = 2147483647;
			files = (
				DE20D0B0290C901600105CB9 /* SwipeViewController.swift in Sources */,
				DE20D0AC290C901600105CB9 /* AppDelegate.swift in Sources */,
				DE20D0AE290C901600105CB9 /* SceneDelegate.swift in Sources */,
			);
			runOnlyForDeploymentPostprocessing = 0;
		};
/* End PBXSourcesBuildPhase section */

/* Begin PBXVariantGroup section */
		DE20D0B1290C901600105CB9 /* Main.storyboard */ = {
			isa = PBXVariantGroup;
			children = (
				DE20D0B2290C901600105CB9 /* Base */,
			);
			name = Main.storyboard;
			sourceTree = "<group>";
		};
		DE20D0B6290C901700105CB9 /* LaunchScreen.storyboard */ = {
			isa = PBXVariantGroup;
			children = (
				DE20D0B7290C901700105CB9 /* Base */,
			);
			name = LaunchScreen.storyboard;
			sourceTree = "<group>";
		};
/* End PBXVariantGroup section */

/* Begin XCBuildConfiguration section */
		DE20D0BA290C901700105CB9 /* Debug */ = {
			isa = XCBuildConfiguration;
			buildSettings = {
				ALWAYS_SEARCH_USER_PATHS = NO;
				CLANG_ANALYZER_NONNULL = YES;
				CLANG_ANALYZER_NUMBER_OBJECT_CONVERSION = YES_AGGRESSIVE;
				CLANG_CXX_LANGUAGE_STANDARD = "gnu++20";
				CLANG_ENABLE_MODULES = YES;
				CLANG_ENABLE_OBJC_ARC = YES;
				CLANG_ENABLE_OBJC_WEAK = YES;
				CLANG_WARN_BLOCK_CAPTURE_AUTORELEASING = YES;
				CLANG_WARN_BOOL_CONVERSION = YES;
				CLANG_WARN_COMMA = YES;
				CLANG_WARN_CONSTANT_CONVERSION = YES;
				CLANG_WARN_DEPRECATED_OBJC_IMPLEMENTATIONS = YES;
				CLANG_WARN_DIRECT_OBJC_ISA_USAGE = YES_ERROR;
				CLANG_WARN_DOCUMENTATION_COMMENTS = YES;
				CLANG_WARN_EMPTY_BODY = YES;
				CLANG_WARN_ENUM_CONVERSION = YES;
				CLANG_WARN_INFINITE_RECURSION = YES;
				CLANG_WARN_INT_CONVERSION = YES;
				CLANG_WARN_NON_LITERAL_NULL_CONVERSION = YES;
				CLANG_WARN_OBJC_IMPLICIT_RETAIN_SELF = YES;
				CLANG_WARN_OBJC_LITERAL_CONVERSION = YES;
				CLANG_WARN_OBJC_ROOT_CLASS = YES_ERROR;
				CLANG_WARN_QUOTED_INCLUDE_IN_FRAMEWORK_HEADER = YES;
				CLANG_WARN_RANGE_LOOP_ANALYSIS = YES;
				CLANG_WARN_STRICT_PROTOTYPES = YES;
				CLANG_WARN_SUSPICIOUS_MOVE = YES;
				CLANG_WARN_UNGUARDED_AVAILABILITY = YES_AGGRESSIVE;
				CLANG_WARN_UNREACHABLE_CODE = YES;
				CLANG_WARN__DUPLICATE_METHOD_MATCH = YES;
				COPY_PHASE_STRIP = NO;
				DEBUG_INFORMATION_FORMAT = dwarf;
				ENABLE_STRICT_OBJC_MSGSEND = YES;
				ENABLE_TESTABILITY = YES;
				GCC_C_LANGUAGE_STANDARD = gnu11;
				GCC_DYNAMIC_NO_PIC = NO;
				GCC_NO_COMMON_BLOCKS = YES;
				GCC_OPTIMIZATION_LEVEL = 0;
				GCC_PREPROCESSOR_DEFINITIONS = (
					"DEBUG=1",
					"$(inherited)",
				);
				GCC_WARN_64_TO_32_BIT_CONVERSION = YES;
				GCC_WARN_ABOUT_RETURN_TYPE = YES_ERROR;
				GCC_WARN_UNDECLARED_SELECTOR = YES;
				GCC_WARN_UNINITIALIZED_AUTOS = YES_AGGRESSIVE;
				GCC_WARN_UNUSED_FUNCTION = YES;
				GCC_WARN_UNUSED_VARIABLE = YES;
				IPHONEOS_DEPLOYMENT_TARGET = 16.0;
				MTL_ENABLE_DEBUG_INFO = INCLUDE_SOURCE;
				MTL_FAST_MATH = YES;
				ONLY_ACTIVE_ARCH = YES;
				SDKROOT = iphoneos;
				SWIFT_ACTIVE_COMPILATION_CONDITIONS = DEBUG;
				SWIFT_OPTIMIZATION_LEVEL = "-Onone";
			};
			name = Debug;
		};
		DE20D0BB290C901700105CB9 /* Release */ = {
			isa = XCBuildConfiguration;
			buildSettings = {
				ALWAYS_SEARCH_USER_PATHS = NO;
				CLANG_ANALYZER_NONNULL = YES;
				CLANG_ANALYZER_NUMBER_OBJECT_CONVERSION = YES_AGGRESSIVE;
				CLANG_CXX_LANGUAGE_STANDARD = "gnu++20";
				CLANG_ENABLE_MODULES = YES;
				CLANG_ENABLE_OBJC_ARC = YES;
				CLANG_ENABLE_OBJC_WEAK = YES;
				CLANG_WARN_BLOCK_CAPTURE_AUTORELEASING = YES;
				CLANG_WARN_BOOL_CONVERSION = YES;
				CLANG_WARN_COMMA = YES;
				CLANG_WARN_CONSTANT_CONVERSION = YES;
				CLANG_WARN_DEPRECATED_OBJC_IMPLEMENTATIONS = YES;
				CLANG_WARN_DIRECT_OBJC_ISA_USAGE = YES_ERROR;
				CLANG_WARN_DOCUMENTATION_COMMENTS = YES;
				CLANG_WARN_EMPTY_BODY = YES;
				CLANG_WARN_ENUM_CONVERSION = YES;
				CLANG_WARN_INFINITE_RECURSION = YES;
				CLANG_WARN_INT_CONVERSION = YES;
				CLANG_WARN_NON_LITERAL_NULL_CONVERSION = YES;
				CLANG_WARN_OBJC_IMPLICIT_RETAIN_SELF = YES;
				CLANG_WARN_OBJC_LITERAL_CONVERSION = YES;
				CLANG_WARN_OBJC_ROOT_CLASS = YES_ERROR;
				CLANG_WARN_QUOTED_INCLUDE_IN_FRAMEWORK_HEADER = YES;
				CLANG_WARN_RANGE_LOOP_ANALYSIS = YES;
				CLANG_WARN_STRICT_PROTOTYPES = YES;
				CLANG_WARN_SUSPICIOUS_MOVE = YES;
				CLANG_WARN_UNGUARDED_AVAILABILITY = YES_AGGRESSIVE;
				CLANG_WARN_UNREACHABLE_CODE = YES;
				CLANG_WARN__DUPLICATE_METHOD_MATCH = YES;
				COPY_PHASE_STRIP = NO;
				DEBUG_INFORMATION_FORMAT = "dwarf-with-dsym";
				ENABLE_NS_ASSERTIONS = NO;
				ENABLE_STRICT_OBJC_MSGSEND = YES;
				GCC_C_LANGUAGE_STANDARD = gnu11;
				GCC_NO_COMMON_BLOCKS = YES;
				GCC_WARN_64_TO_32_BIT_CONVERSION = YES;
				GCC_WARN_ABOUT_RETURN_TYPE = YES_ERROR;
				GCC_WARN_UNDECLARED_SELECTOR = YES;
				GCC_WARN_UNINITIALIZED_AUTOS = YES_AGGRESSIVE;
				GCC_WARN_UNUSED_FUNCTION = YES;
				GCC_WARN_UNUSED_VARIABLE = YES;
				IPHONEOS_DEPLOYMENT_TARGET = 16.0;
				MTL_ENABLE_DEBUG_INFO = NO;
				MTL_FAST_MATH = YES;
				SDKROOT = iphoneos;
				SWIFT_COMPILATION_MODE = wholemodule;
				SWIFT_OPTIMIZATION_LEVEL = "-O";
				VALIDATE_PRODUCT = YES;
			};
			name = Release;
		};
		DE20D0BD290C901700105CB9 /* Debug */ = {
			isa = XCBuildConfiguration;
			baseConfigurationReference = 27252FD31344C56747F7E32D /* Pods-Swipe On.debug.xcconfig */;
			buildSettings = {
				ASSETCATALOG_COMPILER_APPICON_NAME = AppIcon;
				ASSETCATALOG_COMPILER_GLOBAL_ACCENT_COLOR_NAME = AccentColor;
				CODE_SIGN_STYLE = Automatic;
				CURRENT_PROJECT_VERSION = 1;
				DEVELOPMENT_TEAM = WD28M49YQQ;
				GENERATE_INFOPLIST_FILE = YES;
				INFOPLIST_FILE = "Swipe On/Info.plist";
				INFOPLIST_KEY_UIApplicationSupportsIndirectInputEvents = YES;
				INFOPLIST_KEY_UILaunchStoryboardName = LaunchScreen;
				INFOPLIST_KEY_UIMainStoryboardFile = Main;
				INFOPLIST_KEY_UISupportedInterfaceOrientations_iPad = "UIInterfaceOrientationPortrait UIInterfaceOrientationPortraitUpsideDown UIInterfaceOrientationLandscapeLeft UIInterfaceOrientationLandscapeRight";
				INFOPLIST_KEY_UISupportedInterfaceOrientations_iPhone = "UIInterfaceOrientationPortrait UIInterfaceOrientationLandscapeLeft UIInterfaceOrientationLandscapeRight";
				IPHONEOS_DEPLOYMENT_TARGET = 15.0;
				LD_RUNPATH_SEARCH_PATHS = (
					"$(inherited)",
					"@executable_path/Frameworks",
				);
				MARKETING_VERSION = 1.0;
				PRODUCT_BUNDLE_IDENTIFIER = "com.ArjunMohan.Swipe-On";
				PRODUCT_NAME = "$(TARGET_NAME)";
				SWIFT_EMIT_LOC_STRINGS = YES;
				SWIFT_VERSION = 5.0;
				TARGETED_DEVICE_FAMILY = "1,2";
			};
			name = Debug;
		};
		DE20D0BE290C901700105CB9 /* Release */ = {
			isa = XCBuildConfiguration;
			baseConfigurationReference = 67D0F133CCAFE685630DCB4D /* Pods-Swipe On.release.xcconfig */;
			buildSettings = {
				ASSETCATALOG_COMPILER_APPICON_NAME = AppIcon;
				ASSETCATALOG_COMPILER_GLOBAL_ACCENT_COLOR_NAME = AccentColor;
				CODE_SIGN_STYLE = Automatic;
				CURRENT_PROJECT_VERSION = 1;
				DEVELOPMENT_TEAM = WD28M49YQQ;
				GENERATE_INFOPLIST_FILE = YES;
				INFOPLIST_FILE = "Swipe On/Info.plist";
				INFOPLIST_KEY_UIApplicationSupportsIndirectInputEvents = YES;
				INFOPLIST_KEY_UILaunchStoryboardName = LaunchScreen;
				INFOPLIST_KEY_UIMainStoryboardFile = Main;
				INFOPLIST_KEY_UISupportedInterfaceOrientations_iPad = "UIInterfaceOrientationPortrait UIInterfaceOrientationPortraitUpsideDown UIInterfaceOrientationLandscapeLeft UIInterfaceOrientationLandscapeRight";
				INFOPLIST_KEY_UISupportedInterfaceOrientations_iPhone = "UIInterfaceOrientationPortrait UIInterfaceOrientationLandscapeLeft UIInterfaceOrientationLandscapeRight";
				IPHONEOS_DEPLOYMENT_TARGET = 15.0;
				LD_RUNPATH_SEARCH_PATHS = (
					"$(inherited)",
					"@executable_path/Frameworks",
				);
				MARKETING_VERSION = 1.0;
				PRODUCT_BUNDLE_IDENTIFIER = "com.ArjunMohan.Swipe-On";
				PRODUCT_NAME = "$(TARGET_NAME)";
				SWIFT_EMIT_LOC_STRINGS = YES;
				SWIFT_VERSION = 5.0;
				TARGETED_DEVICE_FAMILY = "1,2";
			};
			name = Release;
		};
/* End XCBuildConfiguration section */

/* Begin XCConfigurationList section */
		DE20D0A3290C901600105CB9 /* Build configuration list for PBXProject "Swipe On" */ = {
			isa = XCConfigurationList;
			buildConfigurations = (
				DE20D0BA290C901700105CB9 /* Debug */,
				DE20D0BB290C901700105CB9 /* Release */,
			);
			defaultConfigurationIsVisible = 0;
			defaultConfigurationName = Release;
		};
		DE20D0BC290C901700105CB9 /* Build configuration list for PBXNativeTarget "Swipe On" */ = {
			isa = XCConfigurationList;
			buildConfigurations = (
				DE20D0BD290C901700105CB9 /* Debug */,
				DE20D0BE290C901700105CB9 /* Release */,
			);
			defaultConfigurationIsVisible = 0;
			defaultConfigurationName = Release;
		};
/* End XCConfigurationList section */
	};
	rootObject = DE20D0A0290C901600105CB9 /* Project object */;
}
